// !$*UTF8*$!
{
	archiveVersion = 1;
	classes = {
	};
	objectVersion = 50;
	objects = {

/* Begin PBXBuildFile section */
		84E7253821F61376005CAA27 /* AppDelegate.swift in Sources */ = {isa = PBXBuildFile; fileRef = 84E7253721F61376005CAA27 /* AppDelegate.swift */; };
		84E7253A21F61376005CAA27 /* ViewController.swift in Sources */ = {isa = PBXBuildFile; fileRef = 84E7253921F61376005CAA27 /* ViewController.swift */; };
		84E7253D21F61376005CAA27 /* Main.storyboard in Resources */ = {isa = PBXBuildFile; fileRef = 84E7253B21F61376005CAA27 /* Main.storyboard */; };
		84E7253F21F61377005CAA27 /* Assets.xcassets in Resources */ = {isa = PBXBuildFile; fileRef = 84E7253E21F61377005CAA27 /* Assets.xcassets */; };
		84E7254221F61377005CAA27 /* LaunchScreen.storyboard in Resources */ = {isa = PBXBuildFile; fileRef = 84E7254021F61377005CAA27 /* LaunchScreen.storyboard */; };
		84E7255F21F618A8005CAA27 /* Post.swift in Sources */ = {isa = PBXBuildFile; fileRef = 84E7255E21F618A8005CAA27 /* Post.swift */; };
		84E7256121F61B0C005CAA27 /* PostTableViewCell.swift in Sources */ = {isa = PBXBuildFile; fileRef = 84E7256021F61B0C005CAA27 /* PostTableViewCell.swift */; };
		84E7256321F6223F005CAA27 /* PostManager.swift in Sources */ = {isa = PBXBuildFile; fileRef = 84E7256221F6223F005CAA27 /* PostManager.swift */; };
		A56F1A17A897B3D233C96FE1 /* Pods_PostApp.framework in Frameworks */ = {isa = PBXBuildFile; fileRef = 5E5E6F2A60674B5F5A1A869E /* Pods_PostApp.framework */; };
/* End PBXBuildFile section */

/* Begin PBXFileReference section */
		5E5E6F2A60674B5F5A1A869E /* Pods_PostApp.framework */ = {isa = PBXFileReference; explicitFileType = wrapper.framework; includeInIndex = 0; path = Pods_PostApp.framework; sourceTree = BUILT_PRODUCTS_DIR; };
		6D1765D9358BF1BC833F68B3 /* Pods-PostApp.release.xcconfig */ = {isa = PBXFileReference; includeInIndex = 1; lastKnownFileType = text.xcconfig; name = "Pods-PostApp.release.xcconfig"; path = "Pods/Target Support Files/Pods-PostApp/Pods-PostApp.release.xcconfig"; sourceTree = "<group>"; };
		84E7253421F61376005CAA27 /* PostApp.app */ = {isa = PBXFileReference; explicitFileType = wrapper.application; includeInIndex = 0; path = PostApp.app; sourceTree = BUILT_PRODUCTS_DIR; };
		84E7253721F61376005CAA27 /* AppDelegate.swift */ = {isa = PBXFileReference; lastKnownFileType = sourcecode.swift; path = AppDelegate.swift; sourceTree = "<group>"; };
		84E7253921F61376005CAA27 /* ViewController.swift */ = {isa = PBXFileReference; lastKnownFileType = sourcecode.swift; path = ViewController.swift; sourceTree = "<group>"; };
		84E7253C21F61376005CAA27 /* Base */ = {isa = PBXFileReference; lastKnownFileType = file.storyboard; name = Base; path = Base.lproj/Main.storyboard; sourceTree = "<group>"; };
		84E7253E21F61377005CAA27 /* Assets.xcassets */ = {isa = PBXFileReference; lastKnownFileType = folder.assetcatalog; path = Assets.xcassets; sourceTree = "<group>"; };
		84E7254121F61377005CAA27 /* Base */ = {isa = PBXFileReference; lastKnownFileType = file.storyboard; name = Base; path = Base.lproj/LaunchScreen.storyboard; sourceTree = "<group>"; };
		84E7254321F61377005CAA27 /* Info.plist */ = {isa = PBXFileReference; lastKnownFileType = text.plist.xml; path = Info.plist; sourceTree = "<group>"; };
		84E7255E21F618A8005CAA27 /* Post.swift */ = {isa = PBXFileReference; lastKnownFileType = sourcecode.swift; path = Post.swift; sourceTree = "<group>"; };
		84E7256021F61B0C005CAA27 /* PostTableViewCell.swift */ = {isa = PBXFileReference; lastKnownFileType = sourcecode.swift; path = PostTableViewCell.swift; sourceTree = "<group>"; };
		84E7256221F6223F005CAA27 /* PostManager.swift */ = {isa = PBXFileReference; lastKnownFileType = sourcecode.swift; path = PostManager.swift; sourceTree = "<group>"; };
		FE2491001D389023AD880286 /* Pods-PostApp.debug.xcconfig */ = {isa = PBXFileReference; includeInIndex = 1; lastKnownFileType = text.xcconfig; name = "Pods-PostApp.debug.xcconfig"; path = "Pods/Target Support Files/Pods-PostApp/Pods-PostApp.debug.xcconfig"; sourceTree = "<group>"; };
/* End PBXFileReference section */

/* Begin PBXFrameworksBuildPhase section */
		84E7253121F61375005CAA27 /* Frameworks */ = {
			isa = PBXFrameworksBuildPhase;
			buildActionMask = 2147483647;
			files = (
				A56F1A17A897B3D233C96FE1 /* Pods_PostApp.framework in Frameworks */,
			);
			runOnlyForDeploymentPostprocessing = 0;
		};
/* End PBXFrameworksBuildPhase section */

/* Begin PBXGroup section */
		54E5184C505522101FAA54F8 /* Pods */ = {
			isa = PBXGroup;
			children = (
				FE2491001D389023AD880286 /* Pods-PostApp.debug.xcconfig */,
				6D1765D9358BF1BC833F68B3 /* Pods-PostApp.release.xcconfig */,
			);
			name = Pods;
			sourceTree = "<group>";
		};
		641FD0F7420113B3641B4107 /* Frameworks */ = {
			isa = PBXGroup;
			children = (
				5E5E6F2A60674B5F5A1A869E /* Pods_PostApp.framework */,
			);
			name = Frameworks;
			sourceTree = "<group>";
		};
		84E7252B21F61375005CAA27 = {
			isa = PBXGroup;
			children = (
				84E7253621F61376005CAA27 /* PostApp */,
				84E7253521F61376005CAA27 /* Products */,
				54E5184C505522101FAA54F8 /* Pods */,
				641FD0F7420113B3641B4107 /* Frameworks */,
			);
			sourceTree = "<group>";
		};
		84E7253521F61376005CAA27 /* Products */ = {
			isa = PBXGroup;
			children = (
				84E7253421F61376005CAA27 /* PostApp.app */,
			);
			name = Products;
			sourceTree = "<group>";
		};
		84E7253621F61376005CAA27 /* PostApp */ = {
			isa = PBXGroup;
			children = (
				84E7254921F615A5005CAA27 /* Models */,
				84E7253721F61376005CAA27 /* AppDelegate.swift */,
				84E7253921F61376005CAA27 /* ViewController.swift */,
				84E7253B21F61376005CAA27 /* Main.storyboard */,
				84E7253E21F61377005CAA27 /* Assets.xcassets */,
				84E7254021F61377005CAA27 /* LaunchScreen.storyboard */,
				84E7254321F61377005CAA27 /* Info.plist */,
				84E7256021F61B0C005CAA27 /* PostTableViewCell.swift */,
				84E7256221F6223F005CAA27 /* PostManager.swift */,
			);
			path = PostApp;
			sourceTree = "<group>";
		};
		84E7254921F615A5005CAA27 /* Models */ = {
			isa = PBXGroup;
			children = (
				84E7255E21F618A8005CAA27 /* Post.swift */,
			);
			path = Models;
			sourceTree = "<group>";
		};
/* End PBXGroup section */

/* Begin PBXNativeTarget section */
		84E7253321F61375005CAA27 /* PostApp */ = {
			isa = PBXNativeTarget;
			buildConfigurationList = 84E7254621F61377005CAA27 /* Build configuration list for PBXNativeTarget "PostApp" */;
			buildPhases = (
				DBFC49AF28164C0A35FFEB60 /* [CP] Check Pods Manifest.lock */,
				84E7253021F61375005CAA27 /* Sources */,
				84E7253121F61375005CAA27 /* Frameworks */,
				84E7253221F61375005CAA27 /* Resources */,
				CE3AC41DA143D247250E790F /* [CP] Embed Pods Frameworks */,
			);
			buildRules = (
			);
			dependencies = (
			);
			name = PostApp;
			productName = PostApp;
			productReference = 84E7253421F61376005CAA27 /* PostApp.app */;
			productType = "com.apple.product-type.application";
		};
/* End PBXNativeTarget section */

/* Begin PBXProject section */
		84E7252C21F61375005CAA27 /* Project object */ = {
			isa = PBXProject;
			attributes = {
				LastSwiftUpdateCheck = 1010;
				LastUpgradeCheck = 1010;
				ORGANIZATIONNAME = Admin;
				TargetAttributes = {
					84E7253321F61375005CAA27 = {
						CreatedOnToolsVersion = 10.1;
					};
				};
			};
			buildConfigurationList = 84E7252F21F61375005CAA27 /* Build configuration list for PBXProject "PostApp" */;
			compatibilityVersion = "Xcode 9.3";
			developmentRegion = en;
			hasScannedForEncodings = 0;
			knownRegions = (
				en,
				Base,
			);
			mainGroup = 84E7252B21F61375005CAA27;
			productRefGroup = 84E7253521F61376005CAA27 /* Products */;
			projectDirPath = "";
			projectRoot = "";
			targets = (
				84E7253321F61375005CAA27 /* PostApp */,
			);
		};
/* End PBXProject section */

/* Begin PBXResourcesBuildPhase section */
		84E7253221F61375005CAA27 /* Resources */ = {
			isa = PBXResourcesBuildPhase;
			buildActionMask = 2147483647;
			files = (
				84E7254221F61377005CAA27 /* LaunchScreen.storyboard in Resources */,
				84E7253F21F61377005CAA27 /* Assets.xcassets in Resources */,
				84E7253D21F61376005CAA27 /* Main.storyboard in Resources */,
			);
			runOnlyForDeploymentPostprocessing = 0;
		};
/* End PBXResourcesBuildPhase section */

/* Begin PBXShellScriptBuildPhase section */
		CE3AC41DA143D247250E790F /* [CP] Embed Pods Frameworks */ = {
			isa = PBXShellScriptBuildPhase;
			buildActionMask = 2147483647;
			files = (
			);
			inputPaths = (
				"${SRCROOT}/Pods/Target Support Files/Pods-PostApp/Pods-PostApp-frameworks.sh",
				"${BUILT_PRODUCTS_DIR}/Alamofire/Alamofire.framework",
			);
			name = "[CP] Embed Pods Frameworks";
			outputPaths = (
				"${TARGET_BUILD_DIR}/${FRAMEWORKS_FOLDER_PATH}/Alamofire.framework",
			);
			runOnlyForDeploymentPostprocessing = 0;
			shellPath = /bin/sh;
			shellScript = "\"${SRCROOT}/Pods/Target Support Files/Pods-PostApp/Pods-PostApp-frameworks.sh\"\n";
			showEnvVarsInLog = 0;
		};
		DBFC49AF28164C0A35FFEB60 /* [CP] Check Pods Manifest.lock */ = {
			isa = PBXShellScriptBuildPhase;
			buildActionMask = 2147483647;
			files = (
			);
			inputPaths = (
				"${PODS_PODFILE_DIR_PATH}/Podfile.lock",
				"${PODS_ROOT}/Manifest.lock",
			);
			name = "[CP] Check Pods Manifest.lock";
			outputPaths = (
				"$(DERIVED_FILE_DIR)/Pods-PostApp-checkManifestLockResult.txt",
			);
			runOnlyForDeploymentPostprocessing = 0;
			shellPath = /bin/sh;
			shellScript = "diff \"${PODS_PODFILE_DIR_PATH}/Podfile.lock\" \"${PODS_ROOT}/Manifest.lock\" > /dev/null\nif [ $? != 0 ] ; then\n    # print error to STDERR\n    echo \"error: The sandbox is not in sync with the Podfile.lock. Run 'pod install' or update your CocoaPods installation.\" >&2\n    exit 1\nfi\n# This output is used by Xcode 'outputs' to avoid re-running this script phase.\necho \"SUCCESS\" > \"${SCRIPT_OUTPUT_FILE_0}\"\n";
			showEnvVarsInLog = 0;
		};
/* End PBXShellScriptBuildPhase section */

/* Begin PBXSourcesBuildPhase section */
		84E7253021F61375005CAA27 /* Sources */ = {
			isa = PBXSourcesBuildPhase;
			buildActionMask = 2147483647;
			files = (
				84E7255F21F618A8005CAA27 /* Post.swift in Sources */,
				84E7253A21F61376005CAA27 /* ViewController.swift in Sources */,
				84E7256321F6223F005CAA27 /* PostManager.swift in Sources */,
				84E7253821F61376005CAA27 /* AppDelegate.swift in Sources */,
				84E7256121F61B0C005CAA27 /* PostTableViewCell.swift in Sources */,
			);
			runOnlyForDeploymentPostprocessing = 0;
		};
/* End PBXSourcesBuildPhase section */

/* Begin PBXVariantGroup section */
		84E7253B21F61376005CAA27 /* Main.storyboard */ = {
			isa = PBXVariantGroup;
			children = (
				84E7253C21F61376005CAA27 /* Base */,
			);
			name = Main.storyboard;
			sourceTree = "<group>";
		};
		84E7254021F61377005CAA27 /* LaunchScreen.storyboard */ = {
			isa = PBXVariantGroup;
			children = (
				84E7254121F61377005CAA27 /* Base */,
			);
			name = LaunchScreen.storyboard;
			sourceTree = "<group>";
		};
/* End PBXVariantGroup section */

/* Begin XCBuildConfiguration section */
		84E7254421F61377005CAA27 /* Debug */ = {
			isa = XCBuildConfiguration;
			buildSettings = {
				ALWAYS_SEARCH_USER_PATHS = NO;
				CLANG_ANALYZER_NONNULL = YES;
				CLANG_ANALYZER_NUMBER_OBJECT_CONVERSION = YES_AGGRESSIVE;
				CLANG_CXX_LANGUAGE_STANDARD = "gnu++14";
				CLANG_CXX_LIBRARY = "libc++";
				CLANG_ENABLE_MODULES = YES;
				CLANG_ENABLE_OBJC_ARC = YES;
				CLANG_ENABLE_OBJC_WEAK = YES;
				CLANG_WARN_BLOCK_CAPTURE_AUTORELEASING = YES;
				CLANG_WARN_BOOL_CONVERSION = YES;
				CLANG_WARN_COMMA = YES;
				CLANG_WARN_CONSTANT_CONVERSION = YES;
				CLANG_WARN_DEPRECATED_OBJC_IMPLEMENTATIONS = YES;
				CLANG_WARN_DIRECT_OBJC_ISA_USAGE = YES_ERROR;
				CLANG_WARN_DOCUMENTATION_COMMENTS = YES;
				CLANG_WARN_EMPTY_BODY = YES;
				CLANG_WARN_ENUM_CONVERSION = YES;
				CLANG_WARN_INFINITE_RECURSION = YES;
				CLANG_WARN_INT_CONVERSION = YES;
				CLANG_WARN_NON_LITERAL_NULL_CONVERSION = YES;
				CLANG_WARN_OBJC_IMPLICIT_RETAIN_SELF = YES;
				CLANG_WARN_OBJC_LITERAL_CONVERSION = YES;
				CLANG_WARN_OBJC_ROOT_CLASS = YES_ERROR;
				CLANG_WARN_RANGE_LOOP_ANALYSIS = YES;
				CLANG_WARN_STRICT_PROTOTYPES = YES;
				CLANG_WARN_SUSPICIOUS_MOVE = YES;
				CLANG_WARN_UNGUARDED_AVAILABILITY = YES_AGGRESSIVE;
				CLANG_WARN_UNREACHABLE_CODE = YES;
				CLANG_WARN__DUPLICATE_METHOD_MATCH = YES;
				CODE_SIGN_IDENTITY = "iPhone Developer";
				COPY_PHASE_STRIP = NO;
				DEBUG_INFORMATION_FORMAT = dwarf;
				ENABLE_STRICT_OBJC_MSGSEND = YES;
				ENABLE_TESTABILITY = YES;
				GCC_C_LANGUAGE_STANDARD = gnu11;
				GCC_DYNAMIC_NO_PIC = NO;
				GCC_NO_COMMON_BLOCKS = YES;
				GCC_OPTIMIZATION_LEVEL = 0;
				GCC_PREPROCESSOR_DEFINITIONS = (
					"DEBUG=1",
					"$(inherited)",
				);
				GCC_WARN_64_TO_32_BIT_CONVERSION = YES;
				GCC_WARN_ABOUT_RETURN_TYPE = YES_ERROR;
				GCC_WARN_UNDECLARED_SELECTOR = YES;
				GCC_WARN_UNINITIALIZED_AUTOS = YES_AGGRESSIVE;
				GCC_WARN_UNUSED_FUNCTION = YES;
				GCC_WARN_UNUSED_VARIABLE = YES;
				IPHONEOS_DEPLOYMENT_TARGET = 12.1;
				MTL_ENABLE_DEBUG_INFO = INCLUDE_SOURCE;
				MTL_FAST_MATH = YES;
				ONLY_ACTIVE_ARCH = YES;
				SDKROOT = iphoneos;
				SWIFT_ACTIVE_COMPILATION_CONDITIONS = DEBUG;
				SWIFT_OPTIMIZATION_LEVEL = "-Onone";
			};
			name = Debug;
		};
		84E7254521F61377005CAA27 /* Release */ = {
			isa = XCBuildConfiguration;
			buildSettings = {
				ALWAYS_SEARCH_USER_PATHS = NO;
				CLANG_ANALYZER_NONNULL = YES;
				CLANG_ANALYZER_NUMBER_OBJECT_CONVERSION = YES_AGGRESSIVE;
				CLANG_CXX_LANGUAGE_STANDARD = "gnu++14";
				CLANG_CXX_LIBRARY = "libc++";
				CLANG_ENABLE_MODULES = YES;
				CLANG_ENABLE_OBJC_ARC = YES;
				CLANG_ENABLE_OBJC_WEAK = YES;
				CLANG_WARN_BLOCK_CAPTURE_AUTORELEASING = YES;
				CLANG_WARN_BOOL_CONVERSION = YES;
				CLANG_WARN_COMMA = YES;
				CLANG_WARN_CONSTANT_CONVERSION = YES;
				CLANG_WARN_DEPRECATED_OBJC_IMPLEMENTATIONS = YES;
				CLANG_WARN_DIRECT_OBJC_ISA_USAGE = YES_ERROR;
				CLANG_WARN_DOCUMENTATION_COMMENTS = YES;
				CLANG_WARN_EMPTY_BODY = YES;
				CLANG_WARN_ENUM_CONVERSION = YES;
				CLANG_WARN_INFINITE_RECURSION = YES;
				CLANG_WARN_INT_CONVERSION = YES;
				CLANG_WARN_NON_LITERAL_NULL_CONVERSION = YES;
				CLANG_WARN_OBJC_IMPLICIT_RETAIN_SELF = YES;
				CLANG_WARN_OBJC_LITERAL_CONVERSION = YES;
				CLANG_WARN_OBJC_ROOT_CLASS = YES_ERROR;
				CLANG_WARN_RANGE_LOOP_ANALYSIS = YES;
				CLANG_WARN_STRICT_PROTOTYPES = YES;
				CLANG_WARN_SUSPICIOUS_MOVE = YES;
				CLANG_WARN_UNGUARDED_AVAILABILITY = YES_AGGRESSIVE;
				CLANG_WARN_UNREACHABLE_CODE = YES;
				CLANG_WARN__DUPLICATE_METHOD_MATCH = YES;
				CODE_SIGN_IDENTITY = "iPhone Developer";
				COPY_PHASE_STRIP = NO;
				DEBUG_INFORMATION_FORMAT = "dwarf-with-dsym";
				ENABLE_NS_ASSERTIONS = NO;
				ENABLE_STRICT_OBJC_MSGSEND = YES;
				GCC_C_LANGUAGE_STANDARD = gnu11;
				GCC_NO_COMMON_BLOCKS = YES;
				GCC_WARN_64_TO_32_BIT_CONVERSION = YES;
				GCC_WARN_ABOUT_RETURN_TYPE = YES_ERROR;
				GCC_WARN_UNDECLARED_SELECTOR = YES;
				GCC_WARN_UNINITIALIZED_AUTOS = YES_AGGRESSIVE;
				GCC_WARN_UNUSED_FUNCTION = YES;
				GCC_WARN_UNUSED_VARIABLE = YES;
				IPHONEOS_DEPLOYMENT_TARGET = 12.1;
				MTL_ENABLE_DEBUG_INFO = NO;
				MTL_FAST_MATH = YES;
				SDKROOT = iphoneos;
				SWIFT_COMPILATION_MODE = wholemodule;
				SWIFT_OPTIMIZATION_LEVEL = "-O";
				VALIDATE_PRODUCT = YES;
			};
			name = Release;
		};
		84E7254721F61377005CAA27 /* Debug */ = {
			isa = XCBuildConfiguration;
			baseConfigurationReference = FE2491001D389023AD880286 /* Pods-PostApp.debug.xcconfig */;
			buildSettings = {
				ASSETCATALOG_COMPILER_APPICON_NAME = AppIcon;
				CODE_SIGN_STYLE = Automatic;
				INFOPLIST_FILE = PostApp/Info.plist;
				LD_RUNPATH_SEARCH_PATHS = (
					"$(inherited)",
					"@executable_path/Frameworks",
				);
				PRODUCT_BUNDLE_IDENTIFIER = kamal.com.PostApp;
				PRODUCT_NAME = "$(TARGET_NAME)";
				SWIFT_VERSION = 4.2;
				TARGETED_DEVICE_FAMILY = "1,2";
			};
			name = Debug;
		};
		84E7254821F61377005CAA27 /* Release */ = {
			isa = XCBuildConfiguration;
			baseConfigurationReference = 6D1765D9358BF1BC833F68B3 /* Pods-PostApp.release.xcconfig */;
			buildSettings = {
				ASSETCATALOG_COMPILER_APPICON_NAME = AppIcon;
				CODE_SIGN_STYLE = Automatic;
				INFOPLIST_FILE = PostApp/Info.plist;
				LD_RUNPATH_SEARCH_PATHS = (
					"$(inherited)",
					"@executable_path/Frameworks",
				);
				PRODUCT_BUNDLE_IDENTIFIER = kamal.com.PostApp;
				PRODUCT_NAME = "$(TARGET_NAME)";
				SWIFT_VERSION = 4.2;
				TARGETED_DEVICE_FAMILY = "1,2";
			};
			name = Release;
		};
/* End XCBuildConfiguration section */

/* Begin XCConfigurationList section */
		84E7252F21F61375005CAA27 /* Build configuration list for PBXProject "PostApp" */ = {
			isa = XCConfigurationList;
			buildConfigurations = (
				84E7254421F61377005CAA27 /* Debug */,
				84E7254521F61377005CAA27 /* Release */,
			);
			defaultConfigurationIsVisible = 0;
			defaultConfigurationName = Release;
		};
		84E7254621F61377005CAA27 /* Build configuration list for PBXNativeTarget "PostApp" */ = {
			isa = XCConfigurationList;
			buildConfigurations = (
				84E7254721F61377005CAA27 /* Debug */,
				84E7254821F61377005CAA27 /* Release */,
			);
			defaultConfigurationIsVisible = 0;
			defaultConfigurationName = Release;
		};
/* End XCConfigurationList section */
	};
	rootObject = 84E7252C21F61375005CAA27 /* Project object */;
}
